
Microsoft Visual Studio Solution File, Format Version 12.00
# Visual Studio Version 16
VisualStudioVersion = 16.0.29613.14
MinimumVisualStudioVersion = 10.0.40219.1
Project("{FAE04EC0-301F-11D3-BF4B-00C04F79EFBC}") = "MyWebApp", "MyWebApp\MyWebApp.csproj", "{C9507D66-D9E4-4E26-A8E2-98B423D655CA}"
EndProject
Global
	GlobalSection(SolutionConfigurationPlatforms) = preSolution
		Debug|Any CPU = Debug|Any CPU
		Release|Any CPU = Release|Any CPU
	EndGlobalSection
	GlobalSection(ProjectConfigurationPlatforms) = postSolution
		{C9507D66-D9E4-4E26-A8E2-98B423D655CA}.Debug|Any CPU.ActiveCfg = Debug|Any CPU
		{C9507D66-D9E4-4E26-A8E2-98B423D655CA}.Debug|Any CPU.Build.0 = Debug|Any CPU
		{C9507D66-D9E4-4E26-A8E2-98B423D655CA}.Release|Any CPU.ActiveCfg = Release|Any CPU
		{C9507D66-D9E4-4E26-A8E2-98B423D655CA}.Release|Any CPU.Build.0 = Release|Any CPU
	EndGlobalSection
	GlobalSection(SolutionProperties) = preSolution
		HideSolutionNode = FALSE
	EndGlobalSection
	GlobalSection(ExtensibilityGlobals) = postSolution
		SolutionGuid = {2BA17A87-DE68-49D8-8F65-D4DE3462BBB7}
	EndGlobalSection
EndGlobal
